
Microsoft Visual Studio Solution File, Format Version 12.00
# Visual Studio Version 17
VisualStudioVersion = 17.2.32630.192
MinimumVisualStudioVersion = 10.0.40219.1
Project("{FAE04EC0-301F-11D3-BF4B-00C04F79EFBC}") = "WindowsFormsDZ7", "WindowsFormsDZ7.csproj", "{69A0D163-45DD-4D41-BC1E-5B62BDAB3EE4}"
EndProject
Global
	GlobalSection(SolutionConfigurationPlatforms) = preSolution
		Debug|Any CPU = Debug|Any CPU
		Release|Any CPU = Release|Any CPU
	EndGlobalSection
	GlobalSection(ProjectConfigurationPlatforms) = postSolution
		{69A0D163-45DD-4D41-BC1E-5B62BDAB3EE4}.Debug|Any CPU.ActiveCfg = Debug|Any CPU
		{69A0D163-45DD-4D41-BC1E-5B62BDAB3EE4}.Debug|Any CPU.Build.0 = Debug|Any CPU
		{69A0D163-45DD-4D41-BC1E-5B62BDAB3EE4}.Release|Any CPU.ActiveCfg = Release|Any CPU
		{69A0D163-45DD-4D41-BC1E-5B62BDAB3EE4}.Release|Any CPU.Build.0 = Release|Any CPU
	EndGlobalSection
	GlobalSection(SolutionProperties) = preSolution
		HideSolutionNode = FALSE
	EndGlobalSection
	GlobalSection(ExtensibilityGlobals) = postSolution
		SolutionGuid = {7BED487C-46D2-4AA2-A51E-6850C0810EFE}
	EndGlobalSection
EndGlobal
