
Microsoft Visual Studio Solution File, Format Version 12.00
# Visual Studio Version 17
VisualStudioVersion = 17.2.32630.192
MinimumVisualStudioVersion = 10.0.40219.1
Project("{FAE04EC0-301F-11D3-BF4B-00C04F79EFBC}") = "WindowsFormsDZ3", "WindowsFormsDZ3.csproj", "{2D285D1D-AA08-4451-B07F-77A8F839992D}"
EndProject
Global
	GlobalSection(SolutionConfigurationPlatforms) = preSolution
		Debug|Any CPU = Debug|Any CPU
		Release|Any CPU = Release|Any CPU
	EndGlobalSection
	GlobalSection(ProjectConfigurationPlatforms) = postSolution
		{2D285D1D-AA08-4451-B07F-77A8F839992D}.Debug|Any CPU.ActiveCfg = Debug|Any CPU
		{2D285D1D-AA08-4451-B07F-77A8F839992D}.Debug|Any CPU.Build.0 = Debug|Any CPU
		{2D285D1D-AA08-4451-B07F-77A8F839992D}.Release|Any CPU.ActiveCfg = Release|Any CPU
		{2D285D1D-AA08-4451-B07F-77A8F839992D}.Release|Any CPU.Build.0 = Release|Any CPU
	EndGlobalSection
	GlobalSection(SolutionProperties) = preSolution
		HideSolutionNode = FALSE
	EndGlobalSection
	GlobalSection(ExtensibilityGlobals) = postSolution
		SolutionGuid = {4C9AA4A2-0FEF-4330-8231-1FFDCE41C045}
	EndGlobalSection
EndGlobal
